
Microsoft Visual Studio Solution File, Format Version 12.00
# Visual Studio Version 17
VisualStudioVersion = 17.9.34622.214
MinimumVisualStudioVersion = 10.0.40219.1
Project("{FAE04EC0-301F-11D3-BF4B-00C04F79EFBC}") = "Demo1WebForms", "Demo1WebForms\Demo1WebForms.csproj", "{98C002C0-AFD0-4A15-B5C2-E672F7681B44}"
EndProject
Global
	GlobalSection(SolutionConfigurationPlatforms) = preSolution
		Debug|Any CPU = Debug|Any CPU
		Release|Any CPU = Release|Any CPU
	EndGlobalSection
	GlobalSection(ProjectConfigurationPlatforms) = postSolution
		{98C002C0-AFD0-4A15-B5C2-E672F7681B44}.Debug|Any CPU.ActiveCfg = Debug|Any CPU
		{98C002C0-AFD0-4A15-B5C2-E672F7681B44}.Debug|Any CPU.Build.0 = Debug|Any CPU
		{98C002C0-AFD0-4A15-B5C2-E672F7681B44}.Release|Any CPU.ActiveCfg = Release|Any CPU
		{98C002C0-AFD0-4A15-B5C2-E672F7681B44}.Release|Any CPU.Build.0 = Release|Any CPU
	EndGlobalSection
	GlobalSection(SolutionProperties) = preSolution
		HideSolutionNode = FALSE
	EndGlobalSection
	GlobalSection(ExtensibilityGlobals) = postSolution
		SolutionGuid = {98DA43D2-EB54-4582-BD7B-F4D5280D051A}
	EndGlobalSection
EndGlobal
